
Microsoft Visual Studio Solution File, Format Version 12.00
# Visual Studio 14
VisualStudioVersion = 14.0.23107.0
MinimumVisualStudioVersion = 10.0.40219.1
Project("{2150E333-8FDC-42A3-9474-1A3956D46DE8}") = "CSharp", "CSharp", "{967443DF-7DE6-4C88-9B80-0AF7E16457A8}"
EndProject
Project("{FAE04EC0-301F-11D3-BF4B-00C04F79EFBC}") = "Functions", "Functions\Functions.csproj", "{00A23144-39E2-480D-BC19-3DC90564387D}"
EndProject
Project("{FAE04EC0-301F-11D3-BF4B-00C04F79EFBC}") = "FunctionTests", "FunctionTests\FunctionTests.csproj", "{2319C7FD-6E0E-4E9F-8BA7-6CABC2569D59}"
EndProject
Project("{FAE04EC0-301F-11D3-BF4B-00C04F79EFBC}") = "InfraStrcuture", "InfraStrcuture\InfraStrcuture.csproj", "{12FA711D-61C7-4276-8E0D-F9CE5192C29E}"
EndProject
Project("{FAE04EC0-301F-11D3-BF4B-00C04F79EFBC}") = "Tests.JavaScript", "JSTestSetup\Tests.JavaScript.csproj", "{530F7AD2-D13B-40DC-96B8-582F6ED0A58F}"
EndProject
Project("{FAE04EC0-301F-11D3-BF4B-00C04F79EFBC}") = "Production", "Production\Production.csproj", "{7F07DA42-8674-4B6F-9FEF-A868DFC73AF5}"
EndProject
Project("{2150E333-8FDC-42A3-9474-1A3956D46DE8}") = "Javascript", "Javascript", "{ADD7FD8D-B109-42F7-95F6-0372E06B8539}"
EndProject
Project("{2150E333-8FDC-42A3-9474-1A3956D46DE8}") = "FSharpDomain", "FSharpDomain", "{79A8312E-E812-4F75-A9F1-054791323BE8}"
EndProject
Project("{2150E333-8FDC-42A3-9474-1A3956D46DE8}") = "FSharpUnittests", "FSharpUnittests", "{EC641248-5F1B-4BF6-BC24-9CEEAF983140}"
EndProject
Project("{F2A71F9B-5D33-465A-A702-920D77279786}") = "FSharpDomain", "FSharpDomain\FSharpDomain.fsproj", "{1A7FA49D-BC00-423B-8D07-71EA51FAD6C8}"
EndProject
Project("{2150E333-8FDC-42A3-9474-1A3956D46DE8}") = "FSharp", "FSharp", "{94694646-E4F2-4C14-BA4C-0C9E069DE740}"
EndProject
Project("{F2A71F9B-5D33-465A-A702-920D77279786}") = "FSharpTutorial", "FSharpTutorial\FSharpTutorial.fsproj", "{17519EC4-FD95-4BD7-B007-FE574DF6CC01}"
EndProject
Project("{FAE04EC0-301F-11D3-BF4B-00C04F79EFBC}") = "FSharpDomainTests", "FSharpDomainTests\FSharpDomainTests.csproj", "{2291CA2B-F039-4E95-AFEF-E5EED1834CB3}"
EndProject
Project("{F2A71F9B-5D33-465A-A702-920D77279786}") = "FSharpUnitTests", "FSharpUnitTests\FSharpUnitTests.fsproj", "{B2863FAF-1F12-47C1-B023-DDB2ABC1E625}"
EndProject
Global
	GlobalSection(SolutionConfigurationPlatforms) = preSolution
		Debug|Any CPU = Debug|Any CPU
		Release|Any CPU = Release|Any CPU
	EndGlobalSection
	GlobalSection(ProjectConfigurationPlatforms) = postSolution
		{00A23144-39E2-480D-BC19-3DC90564387D}.Debug|Any CPU.ActiveCfg = Debug|Any CPU
		{00A23144-39E2-480D-BC19-3DC90564387D}.Debug|Any CPU.Build.0 = Debug|Any CPU
		{00A23144-39E2-480D-BC19-3DC90564387D}.Release|Any CPU.ActiveCfg = Release|Any CPU
		{00A23144-39E2-480D-BC19-3DC90564387D}.Release|Any CPU.Build.0 = Release|Any CPU
		{2319C7FD-6E0E-4E9F-8BA7-6CABC2569D59}.Debug|Any CPU.ActiveCfg = Debug|Any CPU
		{2319C7FD-6E0E-4E9F-8BA7-6CABC2569D59}.Debug|Any CPU.Build.0 = Debug|Any CPU
		{2319C7FD-6E0E-4E9F-8BA7-6CABC2569D59}.Release|Any CPU.ActiveCfg = Release|Any CPU
		{2319C7FD-6E0E-4E9F-8BA7-6CABC2569D59}.Release|Any CPU.Build.0 = Release|Any CPU
		{12FA711D-61C7-4276-8E0D-F9CE5192C29E}.Debug|Any CPU.ActiveCfg = Debug|Any CPU
		{12FA711D-61C7-4276-8E0D-F9CE5192C29E}.Debug|Any CPU.Build.0 = Debug|Any CPU
		{12FA711D-61C7-4276-8E0D-F9CE5192C29E}.Release|Any CPU.ActiveCfg = Release|Any CPU
		{12FA711D-61C7-4276-8E0D-F9CE5192C29E}.Release|Any CPU.Build.0 = Release|Any CPU
		{530F7AD2-D13B-40DC-96B8-582F6ED0A58F}.Debug|Any CPU.ActiveCfg = Debug|Any CPU
		{530F7AD2-D13B-40DC-96B8-582F6ED0A58F}.Debug|Any CPU.Build.0 = Debug|Any CPU
		{530F7AD2-D13B-40DC-96B8-582F6ED0A58F}.Release|Any CPU.ActiveCfg = Release|Any CPU
		{530F7AD2-D13B-40DC-96B8-582F6ED0A58F}.Release|Any CPU.Build.0 = Release|Any CPU
		{7F07DA42-8674-4B6F-9FEF-A868DFC73AF5}.Debug|Any CPU.ActiveCfg = Debug|Any CPU
		{7F07DA42-8674-4B6F-9FEF-A868DFC73AF5}.Debug|Any CPU.Build.0 = Debug|Any CPU
		{7F07DA42-8674-4B6F-9FEF-A868DFC73AF5}.Release|Any CPU.ActiveCfg = Release|Any CPU
		{7F07DA42-8674-4B6F-9FEF-A868DFC73AF5}.Release|Any CPU.Build.0 = Release|Any CPU
		{1A7FA49D-BC00-423B-8D07-71EA51FAD6C8}.Debug|Any CPU.ActiveCfg = Debug|Any CPU
		{1A7FA49D-BC00-423B-8D07-71EA51FAD6C8}.Debug|Any CPU.Build.0 = Debug|Any CPU
		{1A7FA49D-BC00-423B-8D07-71EA51FAD6C8}.Release|Any CPU.ActiveCfg = Release|Any CPU
		{1A7FA49D-BC00-423B-8D07-71EA51FAD6C8}.Release|Any CPU.Build.0 = Release|Any CPU
		{17519EC4-FD95-4BD7-B007-FE574DF6CC01}.Debug|Any CPU.ActiveCfg = Debug|Any CPU
		{17519EC4-FD95-4BD7-B007-FE574DF6CC01}.Debug|Any CPU.Build.0 = Debug|Any CPU
		{17519EC4-FD95-4BD7-B007-FE574DF6CC01}.Release|Any CPU.ActiveCfg = Release|Any CPU
		{17519EC4-FD95-4BD7-B007-FE574DF6CC01}.Release|Any CPU.Build.0 = Release|Any CPU
		{2291CA2B-F039-4E95-AFEF-E5EED1834CB3}.Debug|Any CPU.ActiveCfg = Debug|Any CPU
		{2291CA2B-F039-4E95-AFEF-E5EED1834CB3}.Debug|Any CPU.Build.0 = Debug|Any CPU
		{2291CA2B-F039-4E95-AFEF-E5EED1834CB3}.Release|Any CPU.ActiveCfg = Release|Any CPU
		{2291CA2B-F039-4E95-AFEF-E5EED1834CB3}.Release|Any CPU.Build.0 = Release|Any CPU
		{B2863FAF-1F12-47C1-B023-DDB2ABC1E625}.Debug|Any CPU.ActiveCfg = Debug|Any CPU
		{B2863FAF-1F12-47C1-B023-DDB2ABC1E625}.Debug|Any CPU.Build.0 = Debug|Any CPU
		{B2863FAF-1F12-47C1-B023-DDB2ABC1E625}.Release|Any CPU.ActiveCfg = Release|Any CPU
		{B2863FAF-1F12-47C1-B023-DDB2ABC1E625}.Release|Any CPU.Build.0 = Release|Any CPU
	EndGlobalSection
	GlobalSection(SolutionProperties) = preSolution
		HideSolutionNode = FALSE
	EndGlobalSection
	GlobalSection(NestedProjects) = preSolution
		{00A23144-39E2-480D-BC19-3DC90564387D} = {967443DF-7DE6-4C88-9B80-0AF7E16457A8}
		{2319C7FD-6E0E-4E9F-8BA7-6CABC2569D59} = {967443DF-7DE6-4C88-9B80-0AF7E16457A8}
		{530F7AD2-D13B-40DC-96B8-582F6ED0A58F} = {ADD7FD8D-B109-42F7-95F6-0372E06B8539}
		{7F07DA42-8674-4B6F-9FEF-A868DFC73AF5} = {ADD7FD8D-B109-42F7-95F6-0372E06B8539}
		{1A7FA49D-BC00-423B-8D07-71EA51FAD6C8} = {79A8312E-E812-4F75-A9F1-054791323BE8}
		{17519EC4-FD95-4BD7-B007-FE574DF6CC01} = {94694646-E4F2-4C14-BA4C-0C9E069DE740}
		{2291CA2B-F039-4E95-AFEF-E5EED1834CB3} = {79A8312E-E812-4F75-A9F1-054791323BE8}
		{B2863FAF-1F12-47C1-B023-DDB2ABC1E625} = {EC641248-5F1B-4BF6-BC24-9CEEAF983140}
	EndGlobalSection
EndGlobal
